
Microsoft Visual Studio Solution File, Format Version 12.00
# Visual Studio 14
VisualStudioVersion = 14.0.25420.1
MinimumVisualStudioVersion = 10.0.40219.1
Project("{FAE04EC0-301F-11D3-BF4B-00C04F79EFBC}") = "KingPlatform", "KingPlatform\KingPlatform.csproj", "{94BB7997-0301-416F-A3C9-A638B65FCD3E}"
	ProjectSection(ProjectDependencies) = postProject
		{B7B9290F-0741-4FAE-B2C9-AFE902A5B86A} = {B7B9290F-0741-4FAE-B2C9-AFE902A5B86A}
		{30D45434-2012-44CC-8C73-C0DFA3C0381B} = {30D45434-2012-44CC-8C73-C0DFA3C0381B}
		{222E20A1-11DA-424A-B701-B4A1EA9A6A96} = {222E20A1-11DA-424A-B701-B4A1EA9A6A96}
		{C1D9EDB6-2936-4731-9FD8-018AFD0CE089} = {C1D9EDB6-2936-4731-9FD8-018AFD0CE089}
	EndProjectSection
EndProject
Project("{2150E333-8FDC-42A3-9474-1A3956D46DE8}") = "Common基础方法", "Common基础方法", "{48BD7684-8A30-4D1E-B8E8-A5F223831AF2}"
EndProject
Project("{FAE04EC0-301F-11D3-BF4B-00C04F79EFBC}") = "Basic.Code", "Basic.Code\Basic.Code.csproj", "{B7B9290F-0741-4FAE-B2C9-AFE902A5B86A}"
EndProject
Project("{FAE04EC0-301F-11D3-BF4B-00C04F79EFBC}") = "Basic.Data", "Basic.Data\Basic.Data.csproj", "{C3D7BF70-9509-4D26-99C4-ED4A4D7C2C52}"
EndProject
Project("{2150E333-8FDC-42A3-9474-1A3956D46DE8}") = "Domain应用服务", "Domain应用服务", "{EAAB9FEE-844A-4D9D-8AA5-097AFA494AD7}"
EndProject
Project("{FAE04EC0-301F-11D3-BF4B-00C04F79EFBC}") = "King.Application", "King.Application\King.Application.csproj", "{30D45434-2012-44CC-8C73-C0DFA3C0381B}"
EndProject
Project("{FAE04EC0-301F-11D3-BF4B-00C04F79EFBC}") = "King.Domain", "King.Domain\King.Domain.csproj", "{C1D9EDB6-2936-4731-9FD8-018AFD0CE089}"
EndProject
Project("{FAE04EC0-301F-11D3-BF4B-00C04F79EFBC}") = "King.Mapping", "King.Mapping\King.Mapping.csproj", "{222E20A1-11DA-424A-B701-B4A1EA9A6A96}"
EndProject
Project("{FAE04EC0-301F-11D3-BF4B-00C04F79EFBC}") = "King.Repository", "King.Repository\King.Repository.csproj", "{6822C95F-5EDD-4D5A-BD1E-101B99020544}"
EndProject
Global
	GlobalSection(SolutionConfigurationPlatforms) = preSolution
		Debug|Any CPU = Debug|Any CPU
		Release|Any CPU = Release|Any CPU
	EndGlobalSection
	GlobalSection(ProjectConfigurationPlatforms) = postSolution
		{94BB7997-0301-416F-A3C9-A638B65FCD3E}.Debug|Any CPU.ActiveCfg = Debug|Any CPU
		{94BB7997-0301-416F-A3C9-A638B65FCD3E}.Debug|Any CPU.Build.0 = Debug|Any CPU
		{94BB7997-0301-416F-A3C9-A638B65FCD3E}.Release|Any CPU.ActiveCfg = Release|Any CPU
		{94BB7997-0301-416F-A3C9-A638B65FCD3E}.Release|Any CPU.Build.0 = Release|Any CPU
		{B7B9290F-0741-4FAE-B2C9-AFE902A5B86A}.Debug|Any CPU.ActiveCfg = Debug|Any CPU
		{B7B9290F-0741-4FAE-B2C9-AFE902A5B86A}.Debug|Any CPU.Build.0 = Debug|Any CPU
		{B7B9290F-0741-4FAE-B2C9-AFE902A5B86A}.Release|Any CPU.ActiveCfg = Release|Any CPU
		{B7B9290F-0741-4FAE-B2C9-AFE902A5B86A}.Release|Any CPU.Build.0 = Release|Any CPU
		{C3D7BF70-9509-4D26-99C4-ED4A4D7C2C52}.Debug|Any CPU.ActiveCfg = Debug|Any CPU
		{C3D7BF70-9509-4D26-99C4-ED4A4D7C2C52}.Debug|Any CPU.Build.0 = Debug|Any CPU
		{C3D7BF70-9509-4D26-99C4-ED4A4D7C2C52}.Release|Any CPU.ActiveCfg = Release|Any CPU
		{C3D7BF70-9509-4D26-99C4-ED4A4D7C2C52}.Release|Any CPU.Build.0 = Release|Any CPU
		{30D45434-2012-44CC-8C73-C0DFA3C0381B}.Debug|Any CPU.ActiveCfg = Debug|Any CPU
		{30D45434-2012-44CC-8C73-C0DFA3C0381B}.Debug|Any CPU.Build.0 = Debug|Any CPU
		{30D45434-2012-44CC-8C73-C0DFA3C0381B}.Release|Any CPU.ActiveCfg = Release|Any CPU
		{30D45434-2012-44CC-8C73-C0DFA3C0381B}.Release|Any CPU.Build.0 = Release|Any CPU
		{C1D9EDB6-2936-4731-9FD8-018AFD0CE089}.Debug|Any CPU.ActiveCfg = Debug|Any CPU
		{C1D9EDB6-2936-4731-9FD8-018AFD0CE089}.Debug|Any CPU.Build.0 = Debug|Any CPU
		{C1D9EDB6-2936-4731-9FD8-018AFD0CE089}.Release|Any CPU.ActiveCfg = Release|Any CPU
		{C1D9EDB6-2936-4731-9FD8-018AFD0CE089}.Release|Any CPU.Build.0 = Release|Any CPU
		{222E20A1-11DA-424A-B701-B4A1EA9A6A96}.Debug|Any CPU.ActiveCfg = Debug|Any CPU
		{222E20A1-11DA-424A-B701-B4A1EA9A6A96}.Debug|Any CPU.Build.0 = Debug|Any CPU
		{222E20A1-11DA-424A-B701-B4A1EA9A6A96}.Release|Any CPU.ActiveCfg = Release|Any CPU
		{222E20A1-11DA-424A-B701-B4A1EA9A6A96}.Release|Any CPU.Build.0 = Release|Any CPU
		{6822C95F-5EDD-4D5A-BD1E-101B99020544}.Debug|Any CPU.ActiveCfg = Debug|Any CPU
		{6822C95F-5EDD-4D5A-BD1E-101B99020544}.Debug|Any CPU.Build.0 = Debug|Any CPU
		{6822C95F-5EDD-4D5A-BD1E-101B99020544}.Release|Any CPU.ActiveCfg = Release|Any CPU
		{6822C95F-5EDD-4D5A-BD1E-101B99020544}.Release|Any CPU.Build.0 = Release|Any CPU
	EndGlobalSection
	GlobalSection(SolutionProperties) = preSolution
		HideSolutionNode = FALSE
	EndGlobalSection
	GlobalSection(NestedProjects) = preSolution
		{B7B9290F-0741-4FAE-B2C9-AFE902A5B86A} = {48BD7684-8A30-4D1E-B8E8-A5F223831AF2}
		{C3D7BF70-9509-4D26-99C4-ED4A4D7C2C52} = {48BD7684-8A30-4D1E-B8E8-A5F223831AF2}
		{30D45434-2012-44CC-8C73-C0DFA3C0381B} = {EAAB9FEE-844A-4D9D-8AA5-097AFA494AD7}
		{C1D9EDB6-2936-4731-9FD8-018AFD0CE089} = {EAAB9FEE-844A-4D9D-8AA5-097AFA494AD7}
		{222E20A1-11DA-424A-B701-B4A1EA9A6A96} = {EAAB9FEE-844A-4D9D-8AA5-097AFA494AD7}
		{6822C95F-5EDD-4D5A-BD1E-101B99020544} = {EAAB9FEE-844A-4D9D-8AA5-097AFA494AD7}
	EndGlobalSection
EndGlobal
